
Microsoft Visual Studio Solution File, Format Version 12.00
# Visual Studio Version 17
VisualStudioVersion = 17.0.31825.309
MinimumVisualStudioVersion = 10.0.40219.1
Project("{9A19103F-16F7-4668-BE54-9A1E7A4F7556}") = "DeltaQ", "src\DeltaQ\DeltaQ.csproj", "{CE1513B6-2F66-4E62-BDD1-0C41D4433A51}"
EndProject
Project("{9A19103F-16F7-4668-BE54-9A1E7A4F7556}") = "DeltaQ.Tests", "test\DeltaQ.Tests\DeltaQ.Tests.csproj", "{784B81AE-E39B-497B-90AE-AA7EC4B98E50}"
EndProject
Project("{9A19103F-16F7-4668-BE54-9A1E7A4F7556}") = "DeltaQ.CommandLine", "src\DeltaQ.CommandLine\DeltaQ.CommandLine.csproj", "{2E9A6A2A-438E-45DD-BDBC-8156A70B284F}"
EndProject
Project("{9A19103F-16F7-4668-BE54-9A1E7A4F7556}") = "DeltaQ.BsDiff", "src\DeltaQ.BsDiff\DeltaQ.BsDiff.csproj", "{C8834EFF-AB77-42D5-8EA2-0AAB88DFEDA1}"
EndProject
Project("{9A19103F-16F7-4668-BE54-9A1E7A4F7556}") = "DeltaQ.SuffixSorting.Abstractions", "src\DeltaQ.SuffixSorting.Abstractions\DeltaQ.SuffixSorting.Abstractions.csproj", "{D81A3696-DBC3-46EA-8CB4-C7C3FA96564B}"
EndProject
Project("{9A19103F-16F7-4668-BE54-9A1E7A4F7556}") = "DeltaQ.SuffixSorting.SAIS", "src\DeltaQ.SuffixSorting.SAIS\DeltaQ.SuffixSorting.SAIS.csproj", "{0C1531C0-427B-42BE-B781-E83D7B377537}"
EndProject
Project("{2150E333-8FDC-42A3-9474-1A3956D46DE8}") = "src", "src", "{8B14206D-43D5-4740-96BF-3772DC4C3A6B}"
EndProject
Project("{2150E333-8FDC-42A3-9474-1A3956D46DE8}") = "test", "test", "{03F00ECA-08B1-47A4-8ACE-4624E31741BA}"
EndProject
Project("{9A19103F-16F7-4668-BE54-9A1E7A4F7556}") = "DeltaQ.BsDiff.Tests", "test\DeltaQ.BsDiff.Tests\DeltaQ.BsDiff.Tests.csproj", "{279B6F7C-7FB0-42AA-8804-8FF64A990A9A}"
EndProject
Project("{9A19103F-16F7-4668-BE54-9A1E7A4F7556}") = "DeltaQ.SuffixSorting.SAIS.Tests", "test\DeltaQ.SuffixSorting.SAIS.Tests\DeltaQ.SuffixSorting.SAIS.Tests.csproj", "{2D37444E-3C89-4E1E-A0E6-C009F205EA84}"
EndProject
Project("{9A19103F-16F7-4668-BE54-9A1E7A4F7556}") = "DeltaQ.Utility.Memory", "src\DeltaQ.Utility.Memory\DeltaQ.Utility.Memory.csproj", "{96F1E46E-53CB-4463-82E2-0F81BEB87080}"
EndProject
Project("{9A19103F-16F7-4668-BE54-9A1E7A4F7556}") = "DeltaQ.SuffixSorting.LibDivSufSort", "src\DeltaQ.SuffixSorting.LibDivSufSort\DeltaQ.SuffixSorting.LibDivSufSort.csproj", "{E89B007E-0BDE-4642-B40F-CCB7569F88B8}"
EndProject
Project("{9A19103F-16F7-4668-BE54-9A1E7A4F7556}") = "DeltaQ.SuffixSorting.LibDivSufSort.Tests", "test\DeltaQ.SuffixSorting.LibDivSufSort.Tests\DeltaQ.SuffixSorting.LibDivSufSort.Tests.csproj", "{5486E391-BFF9-4ED9-8383-032AE249C588}"
EndProject
Project("{2150E333-8FDC-42A3-9474-1A3956D46DE8}") = "bench", "bench", "{BF7CD739-6B0C-424D-A5CD-7970D80915E4}"
EndProject
Project("{9A19103F-16F7-4668-BE54-9A1E7A4F7556}") = "DeltaQ.Benchmarks", "bench\DeltaQ.Benchmarks\DeltaQ.Benchmarks.csproj", "{A5FCA064-2EED-4CDB-93D7-FF16E3314885}"
EndProject
Project("{2150E333-8FDC-42A3-9474-1A3956D46DE8}") = "Solution Items", "Solution Items", "{09BBE319-2E1C-4878-AA44-FCC730167792}"
	ProjectSection(SolutionItems) = preProject
		.editorconfig = .editorconfig
		LICENSE.md = LICENSE.md
		README.md = README.md
	EndProjectSection
EndProject
Project("{2150E333-8FDC-42A3-9474-1A3956D46DE8}") = "build", "build", "{8B749DE9-2B73-49DE-912E-DE5E17ADA029}"
	ProjectSection(SolutionItems) = preProject
		.github\workflows\ci.yml = .github\workflows\ci.yml
		.github\workflows\release.yml = .github\workflows\release.yml
	EndProjectSection
EndProject
Global
	GlobalSection(SolutionConfigurationPlatforms) = preSolution
		Debug|Any CPU = Debug|Any CPU
		Release|Any CPU = Release|Any CPU
	EndGlobalSection
	GlobalSection(ProjectConfigurationPlatforms) = postSolution
		{CE1513B6-2F66-4E62-BDD1-0C41D4433A51}.Debug|Any CPU.ActiveCfg = Debug|Any CPU
		{CE1513B6-2F66-4E62-BDD1-0C41D4433A51}.Debug|Any CPU.Build.0 = Debug|Any CPU
		{CE1513B6-2F66-4E62-BDD1-0C41D4433A51}.Release|Any CPU.ActiveCfg = Release|Any CPU
		{CE1513B6-2F66-4E62-BDD1-0C41D4433A51}.Release|Any CPU.Build.0 = Release|Any CPU
		{784B81AE-E39B-497B-90AE-AA7EC4B98E50}.Debug|Any CPU.ActiveCfg = Debug|Any CPU
		{784B81AE-E39B-497B-90AE-AA7EC4B98E50}.Debug|Any CPU.Build.0 = Debug|Any CPU
		{784B81AE-E39B-497B-90AE-AA7EC4B98E50}.Release|Any CPU.ActiveCfg = Release|Any CPU
		{784B81AE-E39B-497B-90AE-AA7EC4B98E50}.Release|Any CPU.Build.0 = Release|Any CPU
		{2E9A6A2A-438E-45DD-BDBC-8156A70B284F}.Debug|Any CPU.ActiveCfg = Debug|Any CPU
		{2E9A6A2A-438E-45DD-BDBC-8156A70B284F}.Debug|Any CPU.Build.0 = Debug|Any CPU
		{2E9A6A2A-438E-45DD-BDBC-8156A70B284F}.Release|Any CPU.ActiveCfg = Release|Any CPU
		{2E9A6A2A-438E-45DD-BDBC-8156A70B284F}.Release|Any CPU.Build.0 = Release|Any CPU
		{C8834EFF-AB77-42D5-8EA2-0AAB88DFEDA1}.Debug|Any CPU.ActiveCfg = Debug|Any CPU
		{C8834EFF-AB77-42D5-8EA2-0AAB88DFEDA1}.Debug|Any CPU.Build.0 = Debug|Any CPU
		{C8834EFF-AB77-42D5-8EA2-0AAB88DFEDA1}.Release|Any CPU.ActiveCfg = Release|Any CPU
		{C8834EFF-AB77-42D5-8EA2-0AAB88DFEDA1}.Release|Any CPU.Build.0 = Release|Any CPU
		{D81A3696-DBC3-46EA-8CB4-C7C3FA96564B}.Debug|Any CPU.ActiveCfg = Debug|Any CPU
		{D81A3696-DBC3-46EA-8CB4-C7C3FA96564B}.Debug|Any CPU.Build.0 = Debug|Any CPU
		{D81A3696-DBC3-46EA-8CB4-C7C3FA96564B}.Release|Any CPU.ActiveCfg = Release|Any CPU
		{D81A3696-DBC3-46EA-8CB4-C7C3FA96564B}.Release|Any CPU.Build.0 = Release|Any CPU
		{0C1531C0-427B-42BE-B781-E83D7B377537}.Debug|Any CPU.ActiveCfg = Debug|Any CPU
		{0C1531C0-427B-42BE-B781-E83D7B377537}.Debug|Any CPU.Build.0 = Debug|Any CPU
		{0C1531C0-427B-42BE-B781-E83D7B377537}.Release|Any CPU.ActiveCfg = Release|Any CPU
		{0C1531C0-427B-42BE-B781-E83D7B377537}.Release|Any CPU.Build.0 = Release|Any CPU
		{279B6F7C-7FB0-42AA-8804-8FF64A990A9A}.Debug|Any CPU.ActiveCfg = Debug|Any CPU
		{279B6F7C-7FB0-42AA-8804-8FF64A990A9A}.Debug|Any CPU.Build.0 = Debug|Any CPU
		{279B6F7C-7FB0-42AA-8804-8FF64A990A9A}.Release|Any CPU.ActiveCfg = Release|Any CPU
		{279B6F7C-7FB0-42AA-8804-8FF64A990A9A}.Release|Any CPU.Build.0 = Release|Any CPU
		{2D37444E-3C89-4E1E-A0E6-C009F205EA84}.Debug|Any CPU.ActiveCfg = Debug|Any CPU
		{2D37444E-3C89-4E1E-A0E6-C009F205EA84}.Debug|Any CPU.Build.0 = Debug|Any CPU
		{2D37444E-3C89-4E1E-A0E6-C009F205EA84}.Release|Any CPU.ActiveCfg = Release|Any CPU
		{2D37444E-3C89-4E1E-A0E6-C009F205EA84}.Release|Any CPU.Build.0 = Release|Any CPU
		{96F1E46E-53CB-4463-82E2-0F81BEB87080}.Debug|Any CPU.ActiveCfg = Debug|Any CPU
		{96F1E46E-53CB-4463-82E2-0F81BEB87080}.Debug|Any CPU.Build.0 = Debug|Any CPU
		{96F1E46E-53CB-4463-82E2-0F81BEB87080}.Release|Any CPU.ActiveCfg = Release|Any CPU
		{96F1E46E-53CB-4463-82E2-0F81BEB87080}.Release|Any CPU.Build.0 = Release|Any CPU
		{E89B007E-0BDE-4642-B40F-CCB7569F88B8}.Debug|Any CPU.ActiveCfg = Debug|Any CPU
		{E89B007E-0BDE-4642-B40F-CCB7569F88B8}.Debug|Any CPU.Build.0 = Debug|Any CPU
		{E89B007E-0BDE-4642-B40F-CCB7569F88B8}.Release|Any CPU.ActiveCfg = Release|Any CPU
		{E89B007E-0BDE-4642-B40F-CCB7569F88B8}.Release|Any CPU.Build.0 = Release|Any CPU
		{5486E391-BFF9-4ED9-8383-032AE249C588}.Debug|Any CPU.ActiveCfg = Debug|Any CPU
		{5486E391-BFF9-4ED9-8383-032AE249C588}.Debug|Any CPU.Build.0 = Debug|Any CPU
		{5486E391-BFF9-4ED9-8383-032AE249C588}.Release|Any CPU.ActiveCfg = Release|Any CPU
		{5486E391-BFF9-4ED9-8383-032AE249C588}.Release|Any CPU.Build.0 = Release|Any CPU
		{A5FCA064-2EED-4CDB-93D7-FF16E3314885}.Debug|Any CPU.ActiveCfg = Debug|Any CPU
		{A5FCA064-2EED-4CDB-93D7-FF16E3314885}.Debug|Any CPU.Build.0 = Debug|Any CPU
		{A5FCA064-2EED-4CDB-93D7-FF16E3314885}.Release|Any CPU.ActiveCfg = Release|Any CPU
		{A5FCA064-2EED-4CDB-93D7-FF16E3314885}.Release|Any CPU.Build.0 = Release|Any CPU
	EndGlobalSection
	GlobalSection(SolutionProperties) = preSolution
		HideSolutionNode = FALSE
	EndGlobalSection
	GlobalSection(NestedProjects) = preSolution
		{CE1513B6-2F66-4E62-BDD1-0C41D4433A51} = {8B14206D-43D5-4740-96BF-3772DC4C3A6B}
		{784B81AE-E39B-497B-90AE-AA7EC4B98E50} = {03F00ECA-08B1-47A4-8ACE-4624E31741BA}
		{2E9A6A2A-438E-45DD-BDBC-8156A70B284F} = {8B14206D-43D5-4740-96BF-3772DC4C3A6B}
		{C8834EFF-AB77-42D5-8EA2-0AAB88DFEDA1} = {8B14206D-43D5-4740-96BF-3772DC4C3A6B}
		{D81A3696-DBC3-46EA-8CB4-C7C3FA96564B} = {8B14206D-43D5-4740-96BF-3772DC4C3A6B}
		{0C1531C0-427B-42BE-B781-E83D7B377537} = {8B14206D-43D5-4740-96BF-3772DC4C3A6B}
		{279B6F7C-7FB0-42AA-8804-8FF64A990A9A} = {03F00ECA-08B1-47A4-8ACE-4624E31741BA}
		{2D37444E-3C89-4E1E-A0E6-C009F205EA84} = {03F00ECA-08B1-47A4-8ACE-4624E31741BA}
		{96F1E46E-53CB-4463-82E2-0F81BEB87080} = {8B14206D-43D5-4740-96BF-3772DC4C3A6B}
		{E89B007E-0BDE-4642-B40F-CCB7569F88B8} = {8B14206D-43D5-4740-96BF-3772DC4C3A6B}
		{5486E391-BFF9-4ED9-8383-032AE249C588} = {03F00ECA-08B1-47A4-8ACE-4624E31741BA}
		{A5FCA064-2EED-4CDB-93D7-FF16E3314885} = {BF7CD739-6B0C-424D-A5CD-7970D80915E4}
	EndGlobalSection
	GlobalSection(ExtensibilityGlobals) = postSolution
		SolutionGuid = {595D8046-0D57-4408-A80A-777358A7E831}
	EndGlobalSection
EndGlobal
